
Microsoft Visual Studio Solution File, Format Version 12.00
# Visual Studio Version 17
VisualStudioVersion = 17.11.35222.181
MinimumVisualStudioVersion = 10.0.40219.1
Project("{FAE04EC0-301F-11D3-BF4B-00C04F79EFBC}") = "MVC", "MVC\MVC.csproj", "{EFD059F4-80D5-41DA-B094-67542E01D4DA}"
EndProject
Project("{9A19103F-16F7-4668-BE54-9A1E7A4F7556}") = "BLL", "BLL\BLL.csproj", "{F9397E29-26F8-4D0C-9B5A-CE512A6A6947}"
EndProject
Global
	GlobalSection(SolutionConfigurationPlatforms) = preSolution
		Debug|Any CPU = Debug|Any CPU
		Release|Any CPU = Release|Any CPU
	EndGlobalSection
	GlobalSection(ProjectConfigurationPlatforms) = postSolution
		{EFD059F4-80D5-41DA-B094-67542E01D4DA}.Debug|Any CPU.ActiveCfg = Debug|Any CPU
		{EFD059F4-80D5-41DA-B094-67542E01D4DA}.Debug|Any CPU.Build.0 = Debug|Any CPU
		{EFD059F4-80D5-41DA-B094-67542E01D4DA}.Release|Any CPU.ActiveCfg = Release|Any CPU
		{EFD059F4-80D5-41DA-B094-67542E01D4DA}.Release|Any CPU.Build.0 = Release|Any CPU
		{F9397E29-26F8-4D0C-9B5A-CE512A6A6947}.Debug|Any CPU.ActiveCfg = Debug|Any CPU
		{F9397E29-26F8-4D0C-9B5A-CE512A6A6947}.Debug|Any CPU.Build.0 = Debug|Any CPU
		{F9397E29-26F8-4D0C-9B5A-CE512A6A6947}.Release|Any CPU.ActiveCfg = Release|Any CPU
		{F9397E29-26F8-4D0C-9B5A-CE512A6A6947}.Release|Any CPU.Build.0 = Release|Any CPU
	EndGlobalSection
	GlobalSection(SolutionProperties) = preSolution
		HideSolutionNode = FALSE
	EndGlobalSection
	GlobalSection(ExtensibilityGlobals) = postSolution
		SolutionGuid = {AE7461AA-D0A7-46FD-BBF9-B6FC3FD7EA99}
	EndGlobalSection
EndGlobal
